
Microsoft Visual Studio Solution File, Format Version 12.00
# Visual Studio Version 17
VisualStudioVersion = 17.3.32819.101
MinimumVisualStudioVersion = 10.0.40219.1
Project("{FAE04EC0-301F-11D3-BF4B-00C04F79EFBC}") = "MazePoint", "MazePoint.csproj", "{6582C0BF-6C1F-4E8F-B9E0-C3D3ADB2A0DA}"
EndProject
Global
	GlobalSection(SolutionConfigurationPlatforms) = preSolution
		Debug|Any CPU = Debug|Any CPU
		Release|Any CPU = Release|Any CPU
	EndGlobalSection
	GlobalSection(ProjectConfigurationPlatforms) = postSolution
		{6582C0BF-6C1F-4E8F-B9E0-C3D3ADB2A0DA}.Debug|Any CPU.ActiveCfg = Debug|Any CPU
		{6582C0BF-6C1F-4E8F-B9E0-C3D3ADB2A0DA}.Debug|Any CPU.Build.0 = Debug|Any CPU
		{6582C0BF-6C1F-4E8F-B9E0-C3D3ADB2A0DA}.Release|Any CPU.ActiveCfg = Release|Any CPU
		{6582C0BF-6C1F-4E8F-B9E0-C3D3ADB2A0DA}.Release|Any CPU.Build.0 = Release|Any CPU
	EndGlobalSection
	GlobalSection(SolutionProperties) = preSolution
		HideSolutionNode = FALSE
	EndGlobalSection
	GlobalSection(ExtensibilityGlobals) = postSolution
		SolutionGuid = {234CB858-3FDF-40DA-9B9D-9C228C6913EA}
	EndGlobalSection
EndGlobal
